
Microsoft Visual Studio Solution File, Format Version 12.00
# Visual Studio 15
VisualStudioVersion = 15.0.26403.7
MinimumVisualStudioVersion = 10.0.40219.1
Project("{FAE04EC0-301F-11D3-BF4B-00C04F79EFBC}") = "WebServiceDemo", "WebServiceDemo\WebServiceDemo.csproj", "{D41302E8-1DDF-4EB4-9DE1-1E2B3E8EDA92}"
EndProject
Project("{FAE04EC0-301F-11D3-BF4B-00C04F79EFBC}") = "WebClientDemo", "WebClientDemo\WebClientDemo.csproj", "{924CD53B-239C-493E-8181-4AE19988B8AE}"
	ProjectSection(ProjectDependencies) = postProject
		{D41302E8-1DDF-4EB4-9DE1-1E2B3E8EDA92} = {D41302E8-1DDF-4EB4-9DE1-1E2B3E8EDA92}
	EndProjectSection
EndProject
Project("{FAE04EC0-301F-11D3-BF4B-00C04F79EFBC}") = "RemotingServiceHost", "RemotingServiceHost\RemotingServiceHost.csproj", "{DE37739B-87B2-499C-B637-999F0F6579A7}"
EndProject
Project("{FAE04EC0-301F-11D3-BF4B-00C04F79EFBC}") = "ClientRemotingService", "ClientRemotingService\ClientRemotingService.csproj", "{AC3E9707-68E9-4FBC-B9BB-3B013CCF6B79}"
EndProject
Project("{FAE04EC0-301F-11D3-BF4B-00C04F79EFBC}") = "IRemotingService", "IRemotingService\IRemotingService.csproj", "{B8E25495-BAF5-4600-BD25-5AFF8013ADB0}"
EndProject
Global
	GlobalSection(SolutionConfigurationPlatforms) = preSolution
		Debug|Any CPU = Debug|Any CPU
		Release|Any CPU = Release|Any CPU
	EndGlobalSection
	GlobalSection(ProjectConfigurationPlatforms) = postSolution
		{D41302E8-1DDF-4EB4-9DE1-1E2B3E8EDA92}.Debug|Any CPU.ActiveCfg = Debug|Any CPU
		{D41302E8-1DDF-4EB4-9DE1-1E2B3E8EDA92}.Debug|Any CPU.Build.0 = Debug|Any CPU
		{D41302E8-1DDF-4EB4-9DE1-1E2B3E8EDA92}.Release|Any CPU.ActiveCfg = Release|Any CPU
		{D41302E8-1DDF-4EB4-9DE1-1E2B3E8EDA92}.Release|Any CPU.Build.0 = Release|Any CPU
		{924CD53B-239C-493E-8181-4AE19988B8AE}.Debug|Any CPU.ActiveCfg = Debug|Any CPU
		{924CD53B-239C-493E-8181-4AE19988B8AE}.Debug|Any CPU.Build.0 = Debug|Any CPU
		{924CD53B-239C-493E-8181-4AE19988B8AE}.Release|Any CPU.ActiveCfg = Release|Any CPU
		{924CD53B-239C-493E-8181-4AE19988B8AE}.Release|Any CPU.Build.0 = Release|Any CPU
		{DE37739B-87B2-499C-B637-999F0F6579A7}.Debug|Any CPU.ActiveCfg = Debug|Any CPU
		{DE37739B-87B2-499C-B637-999F0F6579A7}.Debug|Any CPU.Build.0 = Debug|Any CPU
		{DE37739B-87B2-499C-B637-999F0F6579A7}.Release|Any CPU.ActiveCfg = Release|Any CPU
		{DE37739B-87B2-499C-B637-999F0F6579A7}.Release|Any CPU.Build.0 = Release|Any CPU
		{AC3E9707-68E9-4FBC-B9BB-3B013CCF6B79}.Debug|Any CPU.ActiveCfg = Debug|Any CPU
		{AC3E9707-68E9-4FBC-B9BB-3B013CCF6B79}.Debug|Any CPU.Build.0 = Debug|Any CPU
		{AC3E9707-68E9-4FBC-B9BB-3B013CCF6B79}.Release|Any CPU.ActiveCfg = Release|Any CPU
		{AC3E9707-68E9-4FBC-B9BB-3B013CCF6B79}.Release|Any CPU.Build.0 = Release|Any CPU
		{B8E25495-BAF5-4600-BD25-5AFF8013ADB0}.Debug|Any CPU.ActiveCfg = Debug|Any CPU
		{B8E25495-BAF5-4600-BD25-5AFF8013ADB0}.Debug|Any CPU.Build.0 = Debug|Any CPU
		{B8E25495-BAF5-4600-BD25-5AFF8013ADB0}.Release|Any CPU.ActiveCfg = Release|Any CPU
		{B8E25495-BAF5-4600-BD25-5AFF8013ADB0}.Release|Any CPU.Build.0 = Release|Any CPU
	EndGlobalSection
	GlobalSection(SolutionProperties) = preSolution
		HideSolutionNode = FALSE
	EndGlobalSection
EndGlobal
